
Microsoft Visual Studio Solution File, Format Version 12.00
# Visual Studio Version 16
VisualStudioVersion = 16.0.34601.136
MinimumVisualStudioVersion = 10.0.40219.1
Project("{9A19103F-16F7-4668-BE54-9A1E7A4F7556}") = "addtwonumbers", "addtwonumbers\addtwonumbers.csproj", "{C9E9FD3E-945B-4BD9-A4A0-F54370698B03}"
EndProject
Project("{9A19103F-16F7-4668-BE54-9A1E7A4F7556}") = "binary_search", "binary_search\binary_search.csproj", "{B3BC9D83-2F05-4889-8F1E-A6EF36CEC2F7}"
EndProject
Project("{9A19103F-16F7-4668-BE54-9A1E7A4F7556}") = "breadth_search", "breadth_search\breadth_search.csproj", "{19649ED3-BC06-4B6F-887E-2BBD510FCFEC}"
EndProject
Project("{9A19103F-16F7-4668-BE54-9A1E7A4F7556}") = "dijkstra", "dijkstra\dijkstra.csproj", "{A6A7C523-8567-4A60-96AB-CE5AF7BDBAC9}"
EndProject
Project("{9A19103F-16F7-4668-BE54-9A1E7A4F7556}") = "dinamycal_programming", "dinamycal_programming\dinamycal_programming.csproj", "{00950B65-3809-4FAD-85C5-69598366ED3C}"
EndProject
Project("{9A19103F-16F7-4668-BE54-9A1E7A4F7556}") = "greedy_sets", "greedy_sets\greedy_sets.csproj", "{C56F0D1F-C656-44BD-B41F-CE211049E93C}"
EndProject
Project("{9A19103F-16F7-4668-BE54-9A1E7A4F7556}") = "linkedlist_palindrome", "linkedlist_palindrome\linkedlist_palindrome.csproj", "{798C662B-EDC8-4F03-BC9C-0E1058F530A1}"
EndProject
Project("{9A19103F-16F7-4668-BE54-9A1E7A4F7556}") = "quick_sort", "quick_sort\quick_sort.csproj", "{A5E4067E-DB1E-4443-92D7-3DAD7D2E75B9}"
EndProject
Project("{9A19103F-16F7-4668-BE54-9A1E7A4F7556}") = "seq_max", "seq_max\seq_max.csproj", "{8DA2B4EA-0B2E-41B1-ABCE-158CC87BD999}"
EndProject
Project("{9A19103F-16F7-4668-BE54-9A1E7A4F7556}") = "sort_selection", "sort_selection\sort_selection.csproj", "{F1003AF2-D0FE-4718-939C-F952CE62CFF5}"
EndProject
Project("{9A19103F-16F7-4668-BE54-9A1E7A4F7556}") = "twosum", "twosum\twosum.csproj", "{26E74CF4-8F54-48DF-AE68-8AC8E888F9A5}"
EndProject
Project("{9A19103F-16F7-4668-BE54-9A1E7A4F7556}") = "sort_in_limitation", "sort_in_limitation\sort_in_limitation.csproj", "{19313221-0738-4495-A105-CE4DDED2CB62}"
EndProject
Project("{9A19103F-16F7-4668-BE54-9A1E7A4F7556}") = "find_in_matrix", "find_in_matrix\find_in_matrix.csproj", "{73075294-9FB4-4E29-A0F4-75E1F8E4E6D9}"
EndProject
Project("{9A19103F-16F7-4668-BE54-9A1E7A4F7556}") = "find_islands", "find_islands\find_islands.csproj", "{AED52B29-0E5D-457F-A3DD-D09863167356}"
EndProject
Project("{9A19103F-16F7-4668-BE54-9A1E7A4F7556}") = "intervals_merge", "intervals_merge\intervals_merge.csproj", "{3C9E062D-EF4B-46B1-ABFC-7A71DEC0CE2A}"
EndProject
Project("{9A19103F-16F7-4668-BE54-9A1E7A4F7556}") = "is_anagramm", "is_anagramm\is_anagramm.csproj", "{C012ACA5-4E52-40A8-AF97-24707D614665}"
EndProject
Project("{9A19103F-16F7-4668-BE54-9A1E7A4F7556}") = "merge_arrays", "merge_arrays\merge_arrays.csproj", "{17C15A9A-BB29-4ECE-8535-DBB75A6B1ED2}"
EndProject
Project("{9A19103F-16F7-4668-BE54-9A1E7A4F7556}") = "nseq_max", "nseq_max\nseq_max.csproj", "{B7A420B8-D406-4C3D-9CD8-E4E8622A3B60}"
EndProject
Project("{9A19103F-16F7-4668-BE54-9A1E7A4F7556}") = "reverse_words", "reverse_words\reverse_words.csproj", "{E632B4FC-773C-49AE-A2AD-D4174EA40DFD}"
EndProject
Project("{9A19103F-16F7-4668-BE54-9A1E7A4F7556}") = "uniform_distribution", "uniform_distribution\uniform_distribution.csproj", "{5448A53E-40CC-472E-8BBB-CD4A25089F80}"
EndProject
Project("{FAE04EC0-301F-11D3-BF4B-00C04F79EFBC}") = "zigzag_conversion", "zigzag_conversion\zigzag_conversion.csproj", "{2A256C41-998A-4DE7-B94F-AD8DFCA96677}"
EndProject
Project("{FAE04EC0-301F-11D3-BF4B-00C04F79EFBC}") = "longest_palindrome", "longest_palindrome\longest_palindrome.csproj", "{71E2479E-FC5B-4750-846B-66DAC0D1A0F6}"
EndProject
Project("{FAE04EC0-301F-11D3-BF4B-00C04F79EFBC}") = "reverse_int", "reverse_int\reverse_int.csproj", "{71D4BF4E-3E79-4413-B1C3-6B683F84A5D2}"
EndProject
Project("{FAE04EC0-301F-11D3-BF4B-00C04F79EFBC}") = "reverse_linkedlist", "reverse_linkedlist\reverse_linkedlist.csproj", "{FB9CB8F1-478F-433B-9158-40DFD0B189B1}"
EndProject
Project("{FAE04EC0-301F-11D3-BF4B-00C04F79EFBC}") = "middle_linkedlist", "middle_linkedlist\middle_linkedlist.csproj", "{876A8C77-78C9-46D5-9632-D1D831E5FD73}"
EndProject
Global
	GlobalSection(SolutionConfigurationPlatforms) = preSolution
		Debug|Any CPU = Debug|Any CPU
		Release|Any CPU = Release|Any CPU
	EndGlobalSection
	GlobalSection(ProjectConfigurationPlatforms) = postSolution
		{C9E9FD3E-945B-4BD9-A4A0-F54370698B03}.Debug|Any CPU.ActiveCfg = Debug|Any CPU
		{C9E9FD3E-945B-4BD9-A4A0-F54370698B03}.Debug|Any CPU.Build.0 = Debug|Any CPU
		{C9E9FD3E-945B-4BD9-A4A0-F54370698B03}.Release|Any CPU.ActiveCfg = Release|Any CPU
		{C9E9FD3E-945B-4BD9-A4A0-F54370698B03}.Release|Any CPU.Build.0 = Release|Any CPU
		{B3BC9D83-2F05-4889-8F1E-A6EF36CEC2F7}.Debug|Any CPU.ActiveCfg = Debug|Any CPU
		{B3BC9D83-2F05-4889-8F1E-A6EF36CEC2F7}.Debug|Any CPU.Build.0 = Debug|Any CPU
		{B3BC9D83-2F05-4889-8F1E-A6EF36CEC2F7}.Release|Any CPU.ActiveCfg = Release|Any CPU
		{B3BC9D83-2F05-4889-8F1E-A6EF36CEC2F7}.Release|Any CPU.Build.0 = Release|Any CPU
		{19649ED3-BC06-4B6F-887E-2BBD510FCFEC}.Debug|Any CPU.ActiveCfg = Debug|Any CPU
		{19649ED3-BC06-4B6F-887E-2BBD510FCFEC}.Debug|Any CPU.Build.0 = Debug|Any CPU
		{19649ED3-BC06-4B6F-887E-2BBD510FCFEC}.Release|Any CPU.ActiveCfg = Release|Any CPU
		{19649ED3-BC06-4B6F-887E-2BBD510FCFEC}.Release|Any CPU.Build.0 = Release|Any CPU
		{A6A7C523-8567-4A60-96AB-CE5AF7BDBAC9}.Debug|Any CPU.ActiveCfg = Debug|Any CPU
		{A6A7C523-8567-4A60-96AB-CE5AF7BDBAC9}.Debug|Any CPU.Build.0 = Debug|Any CPU
		{A6A7C523-8567-4A60-96AB-CE5AF7BDBAC9}.Release|Any CPU.ActiveCfg = Release|Any CPU
		{A6A7C523-8567-4A60-96AB-CE5AF7BDBAC9}.Release|Any CPU.Build.0 = Release|Any CPU
		{00950B65-3809-4FAD-85C5-69598366ED3C}.Debug|Any CPU.ActiveCfg = Debug|Any CPU
		{00950B65-3809-4FAD-85C5-69598366ED3C}.Debug|Any CPU.Build.0 = Debug|Any CPU
		{00950B65-3809-4FAD-85C5-69598366ED3C}.Release|Any CPU.ActiveCfg = Release|Any CPU
		{00950B65-3809-4FAD-85C5-69598366ED3C}.Release|Any CPU.Build.0 = Release|Any CPU
		{C56F0D1F-C656-44BD-B41F-CE211049E93C}.Debug|Any CPU.ActiveCfg = Debug|Any CPU
		{C56F0D1F-C656-44BD-B41F-CE211049E93C}.Debug|Any CPU.Build.0 = Debug|Any CPU
		{C56F0D1F-C656-44BD-B41F-CE211049E93C}.Release|Any CPU.ActiveCfg = Release|Any CPU
		{C56F0D1F-C656-44BD-B41F-CE211049E93C}.Release|Any CPU.Build.0 = Release|Any CPU
		{798C662B-EDC8-4F03-BC9C-0E1058F530A1}.Debug|Any CPU.ActiveCfg = Debug|Any CPU
		{798C662B-EDC8-4F03-BC9C-0E1058F530A1}.Debug|Any CPU.Build.0 = Debug|Any CPU
		{798C662B-EDC8-4F03-BC9C-0E1058F530A1}.Release|Any CPU.ActiveCfg = Release|Any CPU
		{798C662B-EDC8-4F03-BC9C-0E1058F530A1}.Release|Any CPU.Build.0 = Release|Any CPU
		{A5E4067E-DB1E-4443-92D7-3DAD7D2E75B9}.Debug|Any CPU.ActiveCfg = Debug|Any CPU
		{A5E4067E-DB1E-4443-92D7-3DAD7D2E75B9}.Debug|Any CPU.Build.0 = Debug|Any CPU
		{A5E4067E-DB1E-4443-92D7-3DAD7D2E75B9}.Release|Any CPU.ActiveCfg = Release|Any CPU
		{A5E4067E-DB1E-4443-92D7-3DAD7D2E75B9}.Release|Any CPU.Build.0 = Release|Any CPU
		{8DA2B4EA-0B2E-41B1-ABCE-158CC87BD999}.Debug|Any CPU.ActiveCfg = Debug|Any CPU
		{8DA2B4EA-0B2E-41B1-ABCE-158CC87BD999}.Debug|Any CPU.Build.0 = Debug|Any CPU
		{8DA2B4EA-0B2E-41B1-ABCE-158CC87BD999}.Release|Any CPU.ActiveCfg = Release|Any CPU
		{8DA2B4EA-0B2E-41B1-ABCE-158CC87BD999}.Release|Any CPU.Build.0 = Release|Any CPU
		{F1003AF2-D0FE-4718-939C-F952CE62CFF5}.Debug|Any CPU.ActiveCfg = Debug|Any CPU
		{F1003AF2-D0FE-4718-939C-F952CE62CFF5}.Debug|Any CPU.Build.0 = Debug|Any CPU
		{F1003AF2-D0FE-4718-939C-F952CE62CFF5}.Release|Any CPU.ActiveCfg = Release|Any CPU
		{F1003AF2-D0FE-4718-939C-F952CE62CFF5}.Release|Any CPU.Build.0 = Release|Any CPU
		{26E74CF4-8F54-48DF-AE68-8AC8E888F9A5}.Debug|Any CPU.ActiveCfg = Debug|Any CPU
		{26E74CF4-8F54-48DF-AE68-8AC8E888F9A5}.Debug|Any CPU.Build.0 = Debug|Any CPU
		{26E74CF4-8F54-48DF-AE68-8AC8E888F9A5}.Release|Any CPU.ActiveCfg = Release|Any CPU
		{26E74CF4-8F54-48DF-AE68-8AC8E888F9A5}.Release|Any CPU.Build.0 = Release|Any CPU
		{19313221-0738-4495-A105-CE4DDED2CB62}.Debug|Any CPU.ActiveCfg = Debug|Any CPU
		{19313221-0738-4495-A105-CE4DDED2CB62}.Debug|Any CPU.Build.0 = Debug|Any CPU
		{19313221-0738-4495-A105-CE4DDED2CB62}.Release|Any CPU.ActiveCfg = Release|Any CPU
		{19313221-0738-4495-A105-CE4DDED2CB62}.Release|Any CPU.Build.0 = Release|Any CPU
		{73075294-9FB4-4E29-A0F4-75E1F8E4E6D9}.Debug|Any CPU.ActiveCfg = Debug|Any CPU
		{73075294-9FB4-4E29-A0F4-75E1F8E4E6D9}.Debug|Any CPU.Build.0 = Debug|Any CPU
		{73075294-9FB4-4E29-A0F4-75E1F8E4E6D9}.Release|Any CPU.ActiveCfg = Release|Any CPU
		{73075294-9FB4-4E29-A0F4-75E1F8E4E6D9}.Release|Any CPU.Build.0 = Release|Any CPU
		{AED52B29-0E5D-457F-A3DD-D09863167356}.Debug|Any CPU.ActiveCfg = Debug|Any CPU
		{AED52B29-0E5D-457F-A3DD-D09863167356}.Debug|Any CPU.Build.0 = Debug|Any CPU
		{AED52B29-0E5D-457F-A3DD-D09863167356}.Release|Any CPU.ActiveCfg = Release|Any CPU
		{AED52B29-0E5D-457F-A3DD-D09863167356}.Release|Any CPU.Build.0 = Release|Any CPU
		{3C9E062D-EF4B-46B1-ABFC-7A71DEC0CE2A}.Debug|Any CPU.ActiveCfg = Debug|Any CPU
		{3C9E062D-EF4B-46B1-ABFC-7A71DEC0CE2A}.Debug|Any CPU.Build.0 = Debug|Any CPU
		{3C9E062D-EF4B-46B1-ABFC-7A71DEC0CE2A}.Release|Any CPU.ActiveCfg = Release|Any CPU
		{3C9E062D-EF4B-46B1-ABFC-7A71DEC0CE2A}.Release|Any CPU.Build.0 = Release|Any CPU
		{C012ACA5-4E52-40A8-AF97-24707D614665}.Debug|Any CPU.ActiveCfg = Debug|Any CPU
		{C012ACA5-4E52-40A8-AF97-24707D614665}.Debug|Any CPU.Build.0 = Debug|Any CPU
		{C012ACA5-4E52-40A8-AF97-24707D614665}.Release|Any CPU.ActiveCfg = Release|Any CPU
		{C012ACA5-4E52-40A8-AF97-24707D614665}.Release|Any CPU.Build.0 = Release|Any CPU
		{17C15A9A-BB29-4ECE-8535-DBB75A6B1ED2}.Debug|Any CPU.ActiveCfg = Debug|Any CPU
		{17C15A9A-BB29-4ECE-8535-DBB75A6B1ED2}.Debug|Any CPU.Build.0 = Debug|Any CPU
		{17C15A9A-BB29-4ECE-8535-DBB75A6B1ED2}.Release|Any CPU.ActiveCfg = Release|Any CPU
		{17C15A9A-BB29-4ECE-8535-DBB75A6B1ED2}.Release|Any CPU.Build.0 = Release|Any CPU
		{B7A420B8-D406-4C3D-9CD8-E4E8622A3B60}.Debug|Any CPU.ActiveCfg = Debug|Any CPU
		{B7A420B8-D406-4C3D-9CD8-E4E8622A3B60}.Debug|Any CPU.Build.0 = Debug|Any CPU
		{B7A420B8-D406-4C3D-9CD8-E4E8622A3B60}.Release|Any CPU.ActiveCfg = Release|Any CPU
		{B7A420B8-D406-4C3D-9CD8-E4E8622A3B60}.Release|Any CPU.Build.0 = Release|Any CPU
		{E632B4FC-773C-49AE-A2AD-D4174EA40DFD}.Debug|Any CPU.ActiveCfg = Debug|Any CPU
		{E632B4FC-773C-49AE-A2AD-D4174EA40DFD}.Debug|Any CPU.Build.0 = Debug|Any CPU
		{E632B4FC-773C-49AE-A2AD-D4174EA40DFD}.Release|Any CPU.ActiveCfg = Release|Any CPU
		{E632B4FC-773C-49AE-A2AD-D4174EA40DFD}.Release|Any CPU.Build.0 = Release|Any CPU
		{5448A53E-40CC-472E-8BBB-CD4A25089F80}.Debug|Any CPU.ActiveCfg = Debug|Any CPU
		{5448A53E-40CC-472E-8BBB-CD4A25089F80}.Debug|Any CPU.Build.0 = Debug|Any CPU
		{5448A53E-40CC-472E-8BBB-CD4A25089F80}.Release|Any CPU.ActiveCfg = Release|Any CPU
		{5448A53E-40CC-472E-8BBB-CD4A25089F80}.Release|Any CPU.Build.0 = Release|Any CPU
		{2A256C41-998A-4DE7-B94F-AD8DFCA96677}.Debug|Any CPU.ActiveCfg = Debug|Any CPU
		{2A256C41-998A-4DE7-B94F-AD8DFCA96677}.Debug|Any CPU.Build.0 = Debug|Any CPU
		{2A256C41-998A-4DE7-B94F-AD8DFCA96677}.Release|Any CPU.ActiveCfg = Release|Any CPU
		{2A256C41-998A-4DE7-B94F-AD8DFCA96677}.Release|Any CPU.Build.0 = Release|Any CPU
		{71E2479E-FC5B-4750-846B-66DAC0D1A0F6}.Debug|Any CPU.ActiveCfg = Debug|Any CPU
		{71E2479E-FC5B-4750-846B-66DAC0D1A0F6}.Debug|Any CPU.Build.0 = Debug|Any CPU
		{71E2479E-FC5B-4750-846B-66DAC0D1A0F6}.Release|Any CPU.ActiveCfg = Release|Any CPU
		{71E2479E-FC5B-4750-846B-66DAC0D1A0F6}.Release|Any CPU.Build.0 = Release|Any CPU
		{71D4BF4E-3E79-4413-B1C3-6B683F84A5D2}.Debug|Any CPU.ActiveCfg = Debug|Any CPU
		{71D4BF4E-3E79-4413-B1C3-6B683F84A5D2}.Debug|Any CPU.Build.0 = Debug|Any CPU
		{71D4BF4E-3E79-4413-B1C3-6B683F84A5D2}.Release|Any CPU.ActiveCfg = Release|Any CPU
		{71D4BF4E-3E79-4413-B1C3-6B683F84A5D2}.Release|Any CPU.Build.0 = Release|Any CPU
		{FB9CB8F1-478F-433B-9158-40DFD0B189B1}.Debug|Any CPU.ActiveCfg = Debug|Any CPU
		{FB9CB8F1-478F-433B-9158-40DFD0B189B1}.Debug|Any CPU.Build.0 = Debug|Any CPU
		{FB9CB8F1-478F-433B-9158-40DFD0B189B1}.Release|Any CPU.ActiveCfg = Release|Any CPU
		{FB9CB8F1-478F-433B-9158-40DFD0B189B1}.Release|Any CPU.Build.0 = Release|Any CPU
		{876A8C77-78C9-46D5-9632-D1D831E5FD73}.Debug|Any CPU.ActiveCfg = Debug|Any CPU
		{876A8C77-78C9-46D5-9632-D1D831E5FD73}.Debug|Any CPU.Build.0 = Debug|Any CPU
		{876A8C77-78C9-46D5-9632-D1D831E5FD73}.Release|Any CPU.ActiveCfg = Release|Any CPU
		{876A8C77-78C9-46D5-9632-D1D831E5FD73}.Release|Any CPU.Build.0 = Release|Any CPU
	EndGlobalSection
	GlobalSection(SolutionProperties) = preSolution
		HideSolutionNode = FALSE
	EndGlobalSection
	GlobalSection(ExtensibilityGlobals) = postSolution
		SolutionGuid = {5D05507D-C5D7-40E4-93D1-EB066FB841E8}
	EndGlobalSection
EndGlobal
